{
  "name": "airent-api-next",
  "version": "0.1.4",
  "lockfileVersion": 3,
  "requires": true,
  "packages": {
    "": {
      "name": "airent-api-next",
      "version": "0.1.4",
      "license": "MIT",
      "bin": {
        "airent-api-next": "bin/index.js"
      },
      "devDependencies": {}
    }
  }
}
